// !$*UTF8*$!
{
	archiveVersion = 1;
	classes = {
	};
	objectVersion = 55;
	objects = {

/* Begin PBXBuildFile section */
		BCD570852806A2F8006B7E61 /* AppDelegate.swift in Sources */ = {isa = PBXBuildFile; fileRef = BCD570842806A2F8006B7E61 /* AppDelegate.swift */; };
		BCD570872806A2F8006B7E61 /* SceneDelegate.swift in Sources */ = {isa = PBXBuildFile; fileRef = BCD570862806A2F8006B7E61 /* SceneDelegate.swift */; };
		BCD570892806A2F8006B7E61 /* ViewController.swift in Sources */ = {isa = PBXBuildFile; fileRef = BCD570882806A2F8006B7E61 /* ViewController.swift */; };
		BCD5708C2806A2F8006B7E61 /* Main.storyboard in Resources */ = {isa = PBXBuildFile; fileRef = BCD5708A2806A2F8006B7E61 /* Main.storyboard */; };
		BCD5708E2806A2F9006B7E61 /* Assets.xcassets in Resources */ = {isa = PBXBuildFile; fileRef = BCD5708D2806A2F9006B7E61 /* Assets.xcassets */; };
		BCD570912806A2F9006B7E61 /* LaunchScreen.storyboard in Resources */ = {isa = PBXBuildFile; fileRef = BCD5708F2806A2F9006B7E61 /* LaunchScreen.storyboard */; };
		BCD5709C2806A2F9006B7E61 /* ConcentrationStoryboardTests.swift in Sources */ = {isa = PBXBuildFile; fileRef = BCD5709B2806A2F9006B7E61 /* ConcentrationStoryboardTests.swift */; };
		BCD570A62806A2F9006B7E61 /* ConcentrationStoryboardUITests.swift in Sources */ = {isa = PBXBuildFile; fileRef = BCD570A52806A2F9006B7E61 /* ConcentrationStoryboardUITests.swift */; };
		BCD570A82806A2F9006B7E61 /* ConcentrationStoryboardUITestsLaunchTests.swift in Sources */ = {isa = PBXBuildFile; fileRef = BCD570A72806A2F9006B7E61 /* ConcentrationStoryboardUITestsLaunchTests.swift */; };
		BCEAEAEE2808207000A4A34F /* Concentration.swift in Sources */ = {isa = PBXBuildFile; fileRef = BCEAEAED2808207000A4A34F /* Concentration.swift */; };
		BCEAEAF02808215700A4A34F /* Card.swift in Sources */ = {isa = PBXBuildFile; fileRef = BCEAEAEF2808215700A4A34F /* Card.swift */; };
/* End PBXBuildFile section */

/* Begin PBXContainerItemProxy section */
		BCD570982806A2F9006B7E61 /* PBXContainerItemProxy */ = {
			isa = PBXContainerItemProxy;
			containerPortal = BCD570792806A2F8006B7E61 /* Project object */;
			proxyType = 1;
			remoteGlobalIDString = BCD570802806A2F8006B7E61;
			remoteInfo = ConcentrationStoryboard;
		};
		BCD570A22806A2F9006B7E61 /* PBXContainerItemProxy */ = {
			isa = PBXContainerItemProxy;
			containerPortal = BCD570792806A2F8006B7E61 /* Project object */;
			proxyType = 1;
			remoteGlobalIDString = BCD570802806A2F8006B7E61;
			remoteInfo = ConcentrationStoryboard;
		};
/* End PBXContainerItemProxy section */

/* Begin PBXFileReference section */
		BCD570812806A2F8006B7E61 /* ConcentrationStoryboard.app */ = {isa = PBXFileReference; explicitFileType = wrapper.application; includeInIndex = 0; path = ConcentrationStoryboard.app; sourceTree = BUILT_PRODUCTS_DIR; };
		BCD570842806A2F8006B7E61 /* AppDelegate.swift */ = {isa = PBXFileReference; lastKnownFileType = sourcecode.swift; path = AppDelegate.swift; sourceTree = "<group>"; };
		BCD570862806A2F8006B7E61 /* SceneDelegate.swift */ = {isa = PBXFileReference; lastKnownFileType = sourcecode.swift; path = SceneDelegate.swift; sourceTree = "<group>"; };
		BCD570882806A2F8006B7E61 /* ViewController.swift */ = {isa = PBXFileReference; lastKnownFileType = sourcecode.swift; path = ViewController.swift; sourceTree = "<group>"; };
		BCD5708B2806A2F8006B7E61 /* Base */ = {isa = PBXFileReference; lastKnownFileType = file.storyboard; name = Base; path = Base.lproj/Main.storyboard; sourceTree = "<group>"; };
		BCD5708D2806A2F9006B7E61 /* Assets.xcassets */ = {isa = PBXFileReference; lastKnownFileType = folder.assetcatalog; path = Assets.xcassets; sourceTree = "<group>"; };
		BCD570902806A2F9006B7E61 /* Base */ = {isa = PBXFileReference; lastKnownFileType = file.storyboard; name = Base; path = Base.lproj/LaunchScreen.storyboard; sourceTree = "<group>"; };
		BCD570922806A2F9006B7E61 /* Info.plist */ = {isa = PBXFileReference; lastKnownFileType = text.plist.xml; path = Info.plist; sourceTree = "<group>"; };
		BCD570972806A2F9006B7E61 /* ConcentrationStoryboardTests.xctest */ = {isa = PBXFileReference; explicitFileType = wrapper.cfbundle; includeInIndex = 0; path = ConcentrationStoryboardTests.xctest; sourceTree = BUILT_PRODUCTS_DIR; };
		BCD5709B2806A2F9006B7E61 /* ConcentrationStoryboardTests.swift */ = {isa = PBXFileReference; lastKnownFileType = sourcecode.swift; path = ConcentrationStoryboardTests.swift; sourceTree = "<group>"; };
		BCD570A12806A2F9006B7E61 /* ConcentrationStoryboardUITests.xctest */ = {isa = PBXFileReference; explicitFileType = wrapper.cfbundle; includeInIndex = 0; path = ConcentrationStoryboardUITests.xctest; sourceTree = BUILT_PRODUCTS_DIR; };
		BCD570A52806A2F9006B7E61 /* ConcentrationStoryboardUITests.swift */ = {isa = PBXFileReference; lastKnownFileType = sourcecode.swift; path = ConcentrationStoryboardUITests.swift; sourceTree = "<group>"; };
		BCD570A72806A2F9006B7E61 /* ConcentrationStoryboardUITestsLaunchTests.swift */ = {isa = PBXFileReference; lastKnownFileType = sourcecode.swift; path = ConcentrationStoryboardUITestsLaunchTests.swift; sourceTree = "<group>"; };
		BCEAEAED2808207000A4A34F /* Concentration.swift */ = {isa = PBXFileReference; lastKnownFileType = sourcecode.swift; path = Concentration.swift; sourceTree = "<group>"; };
		BCEAEAEF2808215700A4A34F /* Card.swift */ = {isa = PBXFileReference; lastKnownFileType = sourcecode.swift; path = Card.swift; sourceTree = "<group>"; };
/* End PBXFileReference section */

/* Begin PBXFrameworksBuildPhase section */
		BCD5707E2806A2F8006B7E61 /* Frameworks */ = {
			isa = PBXFrameworksBuildPhase;
			buildActionMask = 2147483647;
			files = (
			);
			runOnlyForDeploymentPostprocessing = 0;
		};
		BCD570942806A2F9006B7E61 /* Frameworks */ = {
			isa = PBXFrameworksBuildPhase;
			buildActionMask = 2147483647;
			files = (
			);
			runOnlyForDeploymentPostprocessing = 0;
		};
		BCD5709E2806A2F9006B7E61 /* Frameworks */ = {
			isa = PBXFrameworksBuildPhase;
			buildActionMask = 2147483647;
			files = (
			);
			runOnlyForDeploymentPostprocessing = 0;
		};
/* End PBXFrameworksBuildPhase section */

/* Begin PBXGroup section */
		BCD570782806A2F8006B7E61 = {
			isa = PBXGroup;
			children = (
				BCD570832806A2F8006B7E61 /* ConcentrationStoryboard */,
				BCD5709A2806A2F9006B7E61 /* ConcentrationStoryboardTests */,
				BCD570A42806A2F9006B7E61 /* ConcentrationStoryboardUITests */,
				BCD570822806A2F8006B7E61 /* Products */,
			);
			sourceTree = "<group>";
		};
		BCD570822806A2F8006B7E61 /* Products */ = {
			isa = PBXGroup;
			children = (
				BCD570812806A2F8006B7E61 /* ConcentrationStoryboard.app */,
				BCD570972806A2F9006B7E61 /* ConcentrationStoryboardTests.xctest */,
				BCD570A12806A2F9006B7E61 /* ConcentrationStoryboardUITests.xctest */,
			);
			name = Products;
			sourceTree = "<group>";
		};
		BCD570832806A2F8006B7E61 /* ConcentrationStoryboard */ = {
			isa = PBXGroup;
			children = (
				BCD570842806A2F8006B7E61 /* AppDelegate.swift */,
				BCEAEAED2808207000A4A34F /* Concentration.swift */,
				BCEAEAEF2808215700A4A34F /* Card.swift */,
				BCD570862806A2F8006B7E61 /* SceneDelegate.swift */,
				BCD570882806A2F8006B7E61 /* ViewController.swift */,
				BCD5708A2806A2F8006B7E61 /* Main.storyboard */,
				BCD5708D2806A2F9006B7E61 /* Assets.xcassets */,
				BCD5708F2806A2F9006B7E61 /* LaunchScreen.storyboard */,
				BCD570922806A2F9006B7E61 /* Info.plist */,
			);
			path = ConcentrationStoryboard;
			sourceTree = "<group>";
		};
		BCD5709A2806A2F9006B7E61 /* ConcentrationStoryboardTests */ = {
			isa = PBXGroup;
			children = (
				BCD5709B2806A2F9006B7E61 /* ConcentrationStoryboardTests.swift */,
			);
			path = ConcentrationStoryboardTests;
			sourceTree = "<group>";
		};
		BCD570A42806A2F9006B7E61 /* ConcentrationStoryboardUITests */ = {
			isa = PBXGroup;
			children = (
				BCD570A52806A2F9006B7E61 /* ConcentrationStoryboardUITests.swift */,
				BCD570A72806A2F9006B7E61 /* ConcentrationStoryboardUITestsLaunchTests.swift */,
			);
			path = ConcentrationStoryboardUITests;
			sourceTree = "<group>";
		};
/* End PBXGroup section */

/* Begin PBXNativeTarget section */
		BCD570802806A2F8006B7E61 /* ConcentrationStoryboard */ = {
			isa = PBXNativeTarget;
			buildConfigurationList = BCD570AB2806A2F9006B7E61 /* Build configuration list for PBXNativeTarget "ConcentrationStoryboard" */;
			buildPhases = (
				BCD5707D2806A2F8006B7E61 /* Sources */,
				BCD5707E2806A2F8006B7E61 /* Frameworks */,
				BCD5707F2806A2F8006B7E61 /* Resources */,
			);
			buildRules = (
			);
			dependencies = (
			);
			name = ConcentrationStoryboard;
			productName = ConcentrationStoryboard;
			productReference = BCD570812806A2F8006B7E61 /* ConcentrationStoryboard.app */;
			productType = "com.apple.product-type.application";
		};
		BCD570962806A2F9006B7E61 /* ConcentrationStoryboardTests */ = {
			isa = PBXNativeTarget;
			buildConfigurationList = BCD570AE2806A2F9006B7E61 /* Build configuration list for PBXNativeTarget "ConcentrationStoryboardTests" */;
			buildPhases = (
				BCD570932806A2F9006B7E61 /* Sources */,
				BCD570942806A2F9006B7E61 /* Frameworks */,
				BCD570952806A2F9006B7E61 /* Resources */,
			);
			buildRules = (
			);
			dependencies = (
				BCD570992806A2F9006B7E61 /* PBXTargetDependency */,
			);
			name = ConcentrationStoryboardTests;
			productName = ConcentrationStoryboardTests;
			productReference = BCD570972806A2F9006B7E61 /* ConcentrationStoryboardTests.xctest */;
			productType = "com.apple.product-type.bundle.unit-test";
		};
		BCD570A02806A2F9006B7E61 /* ConcentrationStoryboardUITests */ = {
			isa = PBXNativeTarget;
			buildConfigurationList = BCD570B12806A2F9006B7E61 /* Build configuration list for PBXNativeTarget "ConcentrationStoryboardUITests" */;
			buildPhases = (
				BCD5709D2806A2F9006B7E61 /* Sources */,
				BCD5709E2806A2F9006B7E61 /* Frameworks */,
				BCD5709F2806A2F9006B7E61 /* Resources */,
			);
			buildRules = (
			);
			dependencies = (
				BCD570A32806A2F9006B7E61 /* PBXTargetDependency */,
			);
			name = ConcentrationStoryboardUITests;
			productName = ConcentrationStoryboardUITests;
			productReference = BCD570A12806A2F9006B7E61 /* ConcentrationStoryboardUITests.xctest */;
			productType = "com.apple.product-type.bundle.ui-testing";
		};
/* End PBXNativeTarget section */

/* Begin PBXProject section */
		BCD570792806A2F8006B7E61 /* Project object */ = {
			isa = PBXProject;
			attributes = {
				BuildIndependentTargetsInParallel = 1;
				LastSwiftUpdateCheck = 1330;
				LastUpgradeCheck = 1330;
				TargetAttributes = {
					BCD570802806A2F8006B7E61 = {
						CreatedOnToolsVersion = 13.3;
					};
					BCD570962806A2F9006B7E61 = {
						CreatedOnToolsVersion = 13.3;
						TestTargetID = BCD570802806A2F8006B7E61;
					};
					BCD570A02806A2F9006B7E61 = {
						CreatedOnToolsVersion = 13.3;
						TestTargetID = BCD570802806A2F8006B7E61;
					};
				};
			};
			buildConfigurationList = BCD5707C2806A2F8006B7E61 /* Build configuration list for PBXProject "ConcentrationStoryboard" */;
			compatibilityVersion = "Xcode 13.0";
			developmentRegion = en;
			hasScannedForEncodings = 0;
			knownRegions = (
				en,
				Base,
			);
			mainGroup = BCD570782806A2F8006B7E61;
			productRefGroup = BCD570822806A2F8006B7E61 /* Products */;
			projectDirPath = "";
			projectRoot = "";
			targets = (
				BCD570802806A2F8006B7E61 /* ConcentrationStoryboard */,
				BCD570962806A2F9006B7E61 /* ConcentrationStoryboardTests */,
				BCD570A02806A2F9006B7E61 /* ConcentrationStoryboardUITests */,
			);
		};
/* End PBXProject section */

/* Begin PBXResourcesBuildPhase section */
		BCD5707F2806A2F8006B7E61 /* Resources */ = {
			isa = PBXResourcesBuildPhase;
			buildActionMask = 2147483647;
			files = (
				BCD570912806A2F9006B7E61 /* LaunchScreen.storyboard in Resources */,
				BCD5708E2806A2F9006B7E61 /* Assets.xcassets in Resources */,
				BCD5708C2806A2F8006B7E61 /* Main.storyboard in Resources */,
			);
			runOnlyForDeploymentPostprocessing = 0;
		};
		BCD570952806A2F9006B7E61 /* Resources */ = {
			isa = PBXResourcesBuildPhase;
			buildActionMask = 2147483647;
			files = (
			);
			runOnlyForDeploymentPostprocessing = 0;
		};
		BCD5709F2806A2F9006B7E61 /* Resources */ = {
			isa = PBXResourcesBuildPhase;
			buildActionMask = 2147483647;
			files = (
			);
			runOnlyForDeploymentPostprocessing = 0;
		};
/* End PBXResourcesBuildPhase section */

/* Begin PBXSourcesBuildPhase section */
		BCD5707D2806A2F8006B7E61 /* Sources */ = {
			isa = PBXSourcesBuildPhase;
			buildActionMask = 2147483647;
			files = (
				BCD570892806A2F8006B7E61 /* ViewController.swift in Sources */,
				BCEAEAEE2808207000A4A34F /* Concentration.swift in Sources */,
				BCEAEAF02808215700A4A34F /* Card.swift in Sources */,
				BCD570852806A2F8006B7E61 /* AppDelegate.swift in Sources */,
				BCD570872806A2F8006B7E61 /* SceneDelegate.swift in Sources */,
			);
			runOnlyForDeploymentPostprocessing = 0;
		};
		BCD570932806A2F9006B7E61 /* Sources */ = {
			isa = PBXSourcesBuildPhase;
			buildActionMask = 2147483647;
			files = (
				BCD5709C2806A2F9006B7E61 /* ConcentrationStoryboardTests.swift in Sources */,
			);
			runOnlyForDeploymentPostprocessing = 0;
		};
		BCD5709D2806A2F9006B7E61 /* Sources */ = {
			isa = PBXSourcesBuildPhase;
			buildActionMask = 2147483647;
			files = (
				BCD570A62806A2F9006B7E61 /* ConcentrationStoryboardUITests.swift in Sources */,
				BCD570A82806A2F9006B7E61 /* ConcentrationStoryboardUITestsLaunchTests.swift in Sources */,
			);
			runOnlyForDeploymentPostprocessing = 0;
		};
/* End PBXSourcesBuildPhase section */

/* Begin PBXTargetDependency section */
		BCD570992806A2F9006B7E61 /* PBXTargetDependency */ = {
			isa = PBXTargetDependency;
			target = BCD570802806A2F8006B7E61 /* ConcentrationStoryboard */;
			targetProxy = BCD570982806A2F9006B7E61 /* PBXContainerItemProxy */;
		};
		BCD570A32806A2F9006B7E61 /* PBXTargetDependency */ = {
			isa = PBXTargetDependency;
			target = BCD570802806A2F8006B7E61 /* ConcentrationStoryboard */;
			targetProxy = BCD570A22806A2F9006B7E61 /* PBXContainerItemProxy */;
		};
/* End PBXTargetDependency section */

/* Begin PBXVariantGroup section */
		BCD5708A2806A2F8006B7E61 /* Main.storyboard */ = {
			isa = PBXVariantGroup;
			children = (
				BCD5708B2806A2F8006B7E61 /* Base */,
			);
			name = Main.storyboard;
			sourceTree = "<group>";
		};
		BCD5708F2806A2F9006B7E61 /* LaunchScreen.storyboard */ = {
			isa = PBXVariantGroup;
			children = (
				BCD570902806A2F9006B7E61 /* Base */,
			);
			name = LaunchScreen.storyboard;
			sourceTree = "<group>";
		};
/* End PBXVariantGroup section */

/* Begin XCBuildConfiguration section */
		BCD570A92806A2F9006B7E61 /* Debug */ = {
			isa = XCBuildConfiguration;
			buildSettings = {
				ALWAYS_SEARCH_USER_PATHS = NO;
				CLANG_ANALYZER_NONNULL = YES;
				CLANG_ANALYZER_NUMBER_OBJECT_CONVERSION = YES_AGGRESSIVE;
				CLANG_CXX_LANGUAGE_STANDARD = "gnu++17";
				CLANG_ENABLE_MODULES = YES;
				CLANG_ENABLE_OBJC_ARC = YES;
				CLANG_ENABLE_OBJC_WEAK = YES;
				CLANG_WARN_BLOCK_CAPTURE_AUTORELEASING = YES;
				CLANG_WARN_BOOL_CONVERSION = YES;
				CLANG_WARN_COMMA = YES;
				CLANG_WARN_CONSTANT_CONVERSION = YES;
				CLANG_WARN_DEPRECATED_OBJC_IMPLEMENTATIONS = YES;
				CLANG_WARN_DIRECT_OBJC_ISA_USAGE = YES_ERROR;
				CLANG_WARN_DOCUMENTATION_COMMENTS = YES;
				CLANG_WARN_EMPTY_BODY = YES;
				CLANG_WARN_ENUM_CONVERSION = YES;
				CLANG_WARN_INFINITE_RECURSION = YES;
				CLANG_WARN_INT_CONVERSION = YES;
				CLANG_WARN_NON_LITERAL_NULL_CONVERSION = YES;
				CLANG_WARN_OBJC_IMPLICIT_RETAIN_SELF = YES;
				CLANG_WARN_OBJC_LITERAL_CONVERSION = YES;
				CLANG_WARN_OBJC_ROOT_CLASS = YES_ERROR;
				CLANG_WARN_QUOTED_INCLUDE_IN_FRAMEWORK_HEADER = YES;
				CLANG_WARN_RANGE_LOOP_ANALYSIS = YES;
				CLANG_WARN_STRICT_PROTOTYPES = YES;
				CLANG_WARN_SUSPICIOUS_MOVE = YES;
				CLANG_WARN_UNGUARDED_AVAILABILITY = YES_AGGRESSIVE;
				CLANG_WARN_UNREACHABLE_CODE = YES;
				CLANG_WARN__DUPLICATE_METHOD_MATCH = YES;
				COPY_PHASE_STRIP = NO;
				DEBUG_INFORMATION_FORMAT = dwarf;
				ENABLE_STRICT_OBJC_MSGSEND = YES;
				ENABLE_TESTABILITY = YES;
				GCC_C_LANGUAGE_STANDARD = gnu11;
				GCC_DYNAMIC_NO_PIC = NO;
				GCC_NO_COMMON_BLOCKS = YES;
				GCC_OPTIMIZATION_LEVEL = 0;
				GCC_PREPROCESSOR_DEFINITIONS = (
					"DEBUG=1",
					"$(inherited)",
				);
				GCC_WARN_64_TO_32_BIT_CONVERSION = YES;
				GCC_WARN_ABOUT_RETURN_TYPE = YES_ERROR;
				GCC_WARN_UNDECLARED_SELECTOR = YES;
				GCC_WARN_UNINITIALIZED_AUTOS = YES_AGGRESSIVE;
				GCC_WARN_UNUSED_FUNCTION = YES;
				GCC_WARN_UNUSED_VARIABLE = YES;
				IPHONEOS_DEPLOYMENT_TARGET = 15.4;
				MTL_ENABLE_DEBUG_INFO = INCLUDE_SOURCE;
				MTL_FAST_MATH = YES;
				ONLY_ACTIVE_ARCH = YES;
				SDKROOT = iphoneos;
				SWIFT_ACTIVE_COMPILATION_CONDITIONS = DEBUG;
				SWIFT_OPTIMIZATION_LEVEL = "-Onone";
			};
			name = Debug;
		};
		BCD570AA2806A2F9006B7E61 /* Release */ = {
			isa = XCBuildConfiguration;
			buildSettings = {
				ALWAYS_SEARCH_USER_PATHS = NO;
				CLANG_ANALYZER_NONNULL = YES;
				CLANG_ANALYZER_NUMBER_OBJECT_CONVERSION = YES_AGGRESSIVE;
				CLANG_CXX_LANGUAGE_STANDARD = "gnu++17";
				CLANG_ENABLE_MODULES = YES;
				CLANG_ENABLE_OBJC_ARC = YES;
				CLANG_ENABLE_OBJC_WEAK = YES;
				CLANG_WARN_BLOCK_CAPTURE_AUTORELEASING = YES;
				CLANG_WARN_BOOL_CONVERSION = YES;
				CLANG_WARN_COMMA = YES;
				CLANG_WARN_CONSTANT_CONVERSION = YES;
				CLANG_WARN_DEPRECATED_OBJC_IMPLEMENTATIONS = YES;
				CLANG_WARN_DIRECT_OBJC_ISA_USAGE = YES_ERROR;
				CLANG_WARN_DOCUMENTATION_COMMENTS = YES;
				CLANG_WARN_EMPTY_BODY = YES;
				CLANG_WARN_ENUM_CONVERSION = YES;
				CLANG_WARN_INFINITE_RECURSION = YES;
				CLANG_WARN_INT_CONVERSION = YES;
				CLANG_WARN_NON_LITERAL_NULL_CONVERSION = YES;
				CLANG_WARN_OBJC_IMPLICIT_RETAIN_SELF = YES;
				CLANG_WARN_OBJC_LITERAL_CONVERSION = YES;
				CLANG_WARN_OBJC_ROOT_CLASS = YES_ERROR;
				CLANG_WARN_QUOTED_INCLUDE_IN_FRAMEWORK_HEADER = YES;
				CLANG_WARN_RANGE_LOOP_ANALYSIS = YES;
				CLANG_WARN_STRICT_PROTOTYPES = YES;
				CLANG_WARN_SUSPICIOUS_MOVE = YES;
				CLANG_WARN_UNGUARDED_AVAILABILITY = YES_AGGRESSIVE;
				CLANG_WARN_UNREACHABLE_CODE = YES;
				CLANG_WARN__DUPLICATE_METHOD_MATCH = YES;
				COPY_PHASE_STRIP = NO;
				DEBUG_INFORMATION_FORMAT = "dwarf-with-dsym";
				ENABLE_NS_ASSERTIONS = NO;
				ENABLE_STRICT_OBJC_MSGSEND = YES;
				GCC_C_LANGUAGE_STANDARD = gnu11;
				GCC_NO_COMMON_BLOCKS = YES;
				GCC_WARN_64_TO_32_BIT_CONVERSION = YES;
				GCC_WARN_ABOUT_RETURN_TYPE = YES_ERROR;
				GCC_WARN_UNDECLARED_SELECTOR = YES;
				GCC_WARN_UNINITIALIZED_AUTOS = YES_AGGRESSIVE;
				GCC_WARN_UNUSED_FUNCTION = YES;
				GCC_WARN_UNUSED_VARIABLE = YES;
				IPHONEOS_DEPLOYMENT_TARGET = 15.4;
				MTL_ENABLE_DEBUG_INFO = NO;
				MTL_FAST_MATH = YES;
				SDKROOT = iphoneos;
				SWIFT_COMPILATION_MODE = wholemodule;
				SWIFT_OPTIMIZATION_LEVEL = "-O";
				VALIDATE_PRODUCT = YES;
			};
			name = Release;
		};
		BCD570AC2806A2F9006B7E61 /* Debug */ = {
			isa = XCBuildConfiguration;
			buildSettings = {
				ASSETCATALOG_COMPILER_APPICON_NAME = AppIcon;
				ASSETCATALOG_COMPILER_GLOBAL_ACCENT_COLOR_NAME = AccentColor;
				CODE_SIGN_STYLE = Automatic;
				CURRENT_PROJECT_VERSION = 1;
				DEVELOPMENT_TEAM = 7S3MVDYSJ3;
				GENERATE_INFOPLIST_FILE = YES;
				INFOPLIST_FILE = ConcentrationStoryboard/Info.plist;
				INFOPLIST_KEY_UIApplicationSupportsIndirectInputEvents = YES;
				INFOPLIST_KEY_UILaunchStoryboardName = LaunchScreen;
				INFOPLIST_KEY_UIMainStoryboardFile = Main;
				INFOPLIST_KEY_UISupportedInterfaceOrientations_iPad = "UIInterfaceOrientationPortrait UIInterfaceOrientationPortraitUpsideDown UIInterfaceOrientationLandscapeLeft UIInterfaceOrientationLandscapeRight";
				INFOPLIST_KEY_UISupportedInterfaceOrientations_iPhone = "UIInterfaceOrientationPortrait UIInterfaceOrientationLandscapeLeft UIInterfaceOrientationLandscapeRight";
				LD_RUNPATH_SEARCH_PATHS = (
					"$(inherited)",
					"@executable_path/Frameworks",
				);
				MARKETING_VERSION = 1.0;
				PRODUCT_BUNDLE_IDENTIFIER = moomooTheCow92.ConcentrationStoryboard;
				PRODUCT_NAME = "$(TARGET_NAME)";
				SWIFT_EMIT_LOC_STRINGS = YES;
				SWIFT_VERSION = 5.0;
				TARGETED_DEVICE_FAMILY = "1,2";
			};
			name = Debug;
		};
		BCD570AD2806A2F9006B7E61 /* Release */ = {
			isa = XCBuildConfiguration;
			buildSettings = {
				ASSETCATALOG_COMPILER_APPICON_NAME = AppIcon;
				ASSETCATALOG_COMPILER_GLOBAL_ACCENT_COLOR_NAME = AccentColor;
				CODE_SIGN_STYLE = Automatic;
				CURRENT_PROJECT_VERSION = 1;
				DEVELOPMENT_TEAM = 7S3MVDYSJ3;
				GENERATE_INFOPLIST_FILE = YES;
				INFOPLIST_FILE = ConcentrationStoryboard/Info.plist;
				INFOPLIST_KEY_UIApplicationSupportsIndirectInputEvents = YES;
				INFOPLIST_KEY_UILaunchStoryboardName = LaunchScreen;
				INFOPLIST_KEY_UIMainStoryboardFile = Main;
				INFOPLIST_KEY_UISupportedInterfaceOrientations_iPad = "UIInterfaceOrientationPortrait UIInterfaceOrientationPortraitUpsideDown UIInterfaceOrientationLandscapeLeft UIInterfaceOrientationLandscapeRight";
				INFOPLIST_KEY_UISupportedInterfaceOrientations_iPhone = "UIInterfaceOrientationPortrait UIInterfaceOrientationLandscapeLeft UIInterfaceOrientationLandscapeRight";
				LD_RUNPATH_SEARCH_PATHS = (
					"$(inherited)",
					"@executable_path/Frameworks",
				);
				MARKETING_VERSION = 1.0;
				PRODUCT_BUNDLE_IDENTIFIER = moomooTheCow92.ConcentrationStoryboard;
				PRODUCT_NAME = "$(TARGET_NAME)";
				SWIFT_EMIT_LOC_STRINGS = YES;
				SWIFT_VERSION = 5.0;
				TARGETED_DEVICE_FAMILY = "1,2";
			};
			name = Release;
		};
		BCD570AF2806A2F9006B7E61 /* Debug */ = {
			isa = XCBuildConfiguration;
			buildSettings = {
				ALWAYS_EMBED_SWIFT_STANDARD_LIBRARIES = YES;
				BUNDLE_LOADER = "$(TEST_HOST)";
				CODE_SIGN_STYLE = Automatic;
				CURRENT_PROJECT_VERSION = 1;
				DEVELOPMENT_TEAM = 7S3MVDYSJ3;
				GENERATE_INFOPLIST_FILE = YES;
				IPHONEOS_DEPLOYMENT_TARGET = 15.4;
				MARKETING_VERSION = 1.0;
				PRODUCT_BUNDLE_IDENTIFIER = moomooTheCow92.ConcentrationStoryboardTests;
				PRODUCT_NAME = "$(TARGET_NAME)";
				SWIFT_EMIT_LOC_STRINGS = NO;
				SWIFT_VERSION = 5.0;
				TARGETED_DEVICE_FAMILY = "1,2";
				TEST_HOST = "$(BUILT_PRODUCTS_DIR)/ConcentrationStoryboard.app/ConcentrationStoryboard";
			};
			name = Debug;
		};
		BCD570B02806A2F9006B7E61 /* Release */ = {
			isa = XCBuildConfiguration;
			buildSettings = {
				ALWAYS_EMBED_SWIFT_STANDARD_LIBRARIES = YES;
				BUNDLE_LOADER = "$(TEST_HOST)";
				CODE_SIGN_STYLE = Automatic;
				CURRENT_PROJECT_VERSION = 1;
				DEVELOPMENT_TEAM = 7S3MVDYSJ3;
				GENERATE_INFOPLIST_FILE = YES;
				IPHONEOS_DEPLOYMENT_TARGET = 15.4;
				MARKETING_VERSION = 1.0;
				PRODUCT_BUNDLE_IDENTIFIER = moomooTheCow92.ConcentrationStoryboardTests;
				PRODUCT_NAME = "$(TARGET_NAME)";
				SWIFT_EMIT_LOC_STRINGS = NO;
				SWIFT_VERSION = 5.0;
				TARGETED_DEVICE_FAMILY = "1,2";
				TEST_HOST = "$(BUILT_PRODUCTS_DIR)/ConcentrationStoryboard.app/ConcentrationStoryboard";
			};
			name = Release;
		};
		BCD570B22806A2F9006B7E61 /* Debug */ = {
			isa = XCBuildConfiguration;
			buildSettings = {
				ALWAYS_EMBED_SWIFT_STANDARD_LIBRARIES = YES;
				CODE_SIGN_STYLE = Automatic;
				CURRENT_PROJECT_VERSION = 1;
				DEVELOPMENT_TEAM = 7S3MVDYSJ3;
				GENERATE_INFOPLIST_FILE = YES;
				MARKETING_VERSION = 1.0;
				PRODUCT_BUNDLE_IDENTIFIER = moomooTheCow92.ConcentrationStoryboardUITests;
				PRODUCT_NAME = "$(TARGET_NAME)";
				SWIFT_EMIT_LOC_STRINGS = NO;
				SWIFT_VERSION = 5.0;
				TARGETED_DEVICE_FAMILY = "1,2";
				TEST_TARGET_NAME = ConcentrationStoryboard;
			};
			name = Debug;
		};
		BCD570B32806A2F9006B7E61 /* Release */ = {
			isa = XCBuildConfiguration;
			buildSettings = {
				ALWAYS_EMBED_SWIFT_STANDARD_LIBRARIES = YES;
				CODE_SIGN_STYLE = Automatic;
				CURRENT_PROJECT_VERSION = 1;
				DEVELOPMENT_TEAM = 7S3MVDYSJ3;
				GENERATE_INFOPLIST_FILE = YES;
				MARKETING_VERSION = 1.0;
				PRODUCT_BUNDLE_IDENTIFIER = moomooTheCow92.ConcentrationStoryboardUITests;
				PRODUCT_NAME = "$(TARGET_NAME)";
				SWIFT_EMIT_LOC_STRINGS = NO;
				SWIFT_VERSION = 5.0;
				TARGETED_DEVICE_FAMILY = "1,2";
				TEST_TARGET_NAME = ConcentrationStoryboard;
			};
			name = Release;
		};
/* End XCBuildConfiguration section */

/* Begin XCConfigurationList section */
		BCD5707C2806A2F8006B7E61 /* Build configuration list for PBXProject "ConcentrationStoryboard" */ = {
			isa = XCConfigurationList;
			buildConfigurations = (
				BCD570A92806A2F9006B7E61 /* Debug */,
				BCD570AA2806A2F9006B7E61 /* Release */,
			);
			defaultConfigurationIsVisible = 0;
			defaultConfigurationName = Release;
		};
		BCD570AB2806A2F9006B7E61 /* Build configuration list for PBXNativeTarget "ConcentrationStoryboard" */ = {
			isa = XCConfigurationList;
			buildConfigurations = (
				BCD570AC2806A2F9006B7E61 /* Debug */,
				BCD570AD2806A2F9006B7E61 /* Release */,
			);
			defaultConfigurationIsVisible = 0;
			defaultConfigurationName = Release;
		};
		BCD570AE2806A2F9006B7E61 /* Build configuration list for PBXNativeTarget "ConcentrationStoryboardTests" */ = {
			isa = XCConfigurationList;
			buildConfigurations = (
				BCD570AF2806A2F9006B7E61 /* Debug */,
				BCD570B02806A2F9006B7E61 /* Release */,
			);
			defaultConfigurationIsVisible = 0;
			defaultConfigurationName = Release;
		};
		BCD570B12806A2F9006B7E61 /* Build configuration list for PBXNativeTarget "ConcentrationStoryboardUITests" */ = {
			isa = XCConfigurationList;
			buildConfigurations = (
				BCD570B22806A2F9006B7E61 /* Debug */,
				BCD570B32806A2F9006B7E61 /* Release */,
			);
			defaultConfigurationIsVisible = 0;
			defaultConfigurationName = Release;
		};
/* End XCConfigurationList section */
	};
	rootObject = BCD570792806A2F8006B7E61 /* Project object */;
}
